{
  "name": "vuln-dep-app",
  "version": "1.0.0",
  "lockfileVersion": 3,
  "packages": {
    "": {
      "dependencies": {
        "rapid-parse": "2.0.0"
      }
    },
    "node_modules/rapid-parse": {
      "version": "2.0.0",
      "resolved": "https://registry.example.invalid/rapid-parse/-/rapid-parse-2.0.0.tgz"
    }
  }
}
