{
  "name": "crosscheck-app",
  "version": "1.0.0",
  "lockfileVersion": 3,
  "packages": {
    "": {
      "dependencies": {
        "left-pad-again": "1.2.3",
        "safe-serial": "3.0.0"
      }
    },
    "node_modules/left-pad-again": {
      "version": "1.2.3"
    },
    "node_modules/safe-serial": {
      "version": "3.0.0"
    }
  }
}
